
Microsoft Visual Studio Solution File, Format Version 12.00
# Visual Studio Version 17
VisualStudioVersion = 17.14.36705.20 d17.14
MinimumVisualStudioVersion = 10.0.40219.1
Project("{FAE04EC0-301F-11D3-BF4B-00C04F79EFBC}") = "Problems.CSharp", "Problems.CSharp\Problems.CSharp.csproj", "{258BACF8-D030-4579-BC86-924FDB71D8E5}"
EndProject
Project("{8BC9CEB8-8B4A-11D0-8D11-00A0C91BC942}") = "Problems.CPP", "Problems.CPP\Problems.CPP.vcxproj", "{C35A557E-0409-44B1-857C-81AFFFE0AE96}"
EndProject
Global
	GlobalSection(SolutionConfigurationPlatforms) = preSolution
		Debug|Any CPU = Debug|Any CPU
		Debug|x64 = Debug|x64
		Debug|x86 = Debug|x86
		Release|Any CPU = Release|Any CPU
		Release|x64 = Release|x64
		Release|x86 = Release|x86
	EndGlobalSection
	GlobalSection(ProjectConfigurationPlatforms) = postSolution
		{258BACF8-D030-4579-BC86-924FDB71D8E5}.Debug|Any CPU.ActiveCfg = Debug|Any CPU
		{258BACF8-D030-4579-BC86-924FDB71D8E5}.Debug|Any CPU.Build.0 = Debug|Any CPU
		{258BACF8-D030-4579-BC86-924FDB71D8E5}.Debug|x64.ActiveCfg = Debug|Any CPU
		{258BACF8-D030-4579-BC86-924FDB71D8E5}.Debug|x64.Build.0 = Debug|Any CPU
		{258BACF8-D030-4579-BC86-924FDB71D8E5}.Debug|x86.ActiveCfg = Debug|Any CPU
		{258BACF8-D030-4579-BC86-924FDB71D8E5}.Debug|x86.Build.0 = Debug|Any CPU
		{258BACF8-D030-4579-BC86-924FDB71D8E5}.Release|Any CPU.ActiveCfg = Release|Any CPU
		{258BACF8-D030-4579-BC86-924FDB71D8E5}.Release|Any CPU.Build.0 = Release|Any CPU
		{258BACF8-D030-4579-BC86-924FDB71D8E5}.Release|x64.ActiveCfg = Release|Any CPU
		{258BACF8-D030-4579-BC86-924FDB71D8E5}.Release|x64.Build.0 = Release|Any CPU
		{258BACF8-D030-4579-BC86-924FDB71D8E5}.Release|x86.ActiveCfg = Release|Any CPU
		{258BACF8-D030-4579-BC86-924FDB71D8E5}.Release|x86.Build.0 = Release|Any CPU
		{C35A557E-0409-44B1-857C-81AFFFE0AE96}.Debug|Any CPU.ActiveCfg = Debug|x64
		{C35A557E-0409-44B1-857C-81AFFFE0AE96}.Debug|Any CPU.Build.0 = Debug|x64
		{C35A557E-0409-44B1-857C-81AFFFE0AE96}.Debug|x64.ActiveCfg = Debug|x64
		{C35A557E-0409-44B1-857C-81AFFFE0AE96}.Debug|x64.Build.0 = Debug|x64
		{C35A557E-0409-44B1-857C-81AFFFE0AE96}.Debug|x86.ActiveCfg = Debug|Win32
		{C35A557E-0409-44B1-857C-81AFFFE0AE96}.Debug|x86.Build.0 = Debug|Win32
		{C35A557E-0409-44B1-857C-81AFFFE0AE96}.Release|Any CPU.ActiveCfg = Release|x64
		{C35A557E-0409-44B1-857C-81AFFFE0AE96}.Release|Any CPU.Build.0 = Release|x64
		{C35A557E-0409-44B1-857C-81AFFFE0AE96}.Release|x64.ActiveCfg = Release|x64
		{C35A557E-0409-44B1-857C-81AFFFE0AE96}.Release|x64.Build.0 = Release|x64
		{C35A557E-0409-44B1-857C-81AFFFE0AE96}.Release|x86.ActiveCfg = Release|Win32
		{C35A557E-0409-44B1-857C-81AFFFE0AE96}.Release|x86.Build.0 = Release|Win32
	EndGlobalSection
	GlobalSection(SolutionProperties) = preSolution
		HideSolutionNode = FALSE
	EndGlobalSection
	GlobalSection(ExtensibilityGlobals) = postSolution
		SolutionGuid = {1970CE65-EE17-45A9-A2EA-C626CF7122BE}
	EndGlobalSection
EndGlobal
