<?xml version="1.0" encoding="utf-8"?>
<Project ToolsVersion="4.0" xmlns="http://schemas.microsoft.com/developer/msbuild/2003">
  <ItemGroup>
    <Filter Include="Source Files">
      <UniqueIdentifier>{4FC737F1-C7A5-4376-A066-2A32D752A2FF}</UniqueIdentifier>
      <Extensions>cpp;c;cc;cxx;c++;cppm;ixx;def;odl;idl;hpj;bat;asm;asmx</Extensions>
    </Filter>
    <Filter Include="Header Files">
      <UniqueIdentifier>{93995380-89BD-4b04-88EB-625FBE52EBFB}</UniqueIdentifier>
      <Extensions>h;hh;hpp;hxx;h++;hm;inl;inc;ipp;xsd</Extensions>
    </Filter>
    <Filter Include="Resource Files">
      <UniqueIdentifier>{67DA6AB6-F800-4c08-8B7A-83BB121AAD01}</UniqueIdentifier>
      <Extensions>rc;ico;cur;bmp;dlg;rc2;rct;bin;rgs;gif;jpg;jpeg;jpe;resx;tiff;tif;png;wav;mfcribbon-ms</Extensions>
    </Filter>
    <Filter Include="Problems">
      <UniqueIdentifier>{fe1529ac-1406-4a67-ae0b-dca3c26b1931}</UniqueIdentifier>
    </Filter>
    <Filter Include="Problems\0001-Multiplication-table 1 to 10">
      <UniqueIdentifier>{88df81f5-3f2e-473e-b54d-beee589b62e1}</UniqueIdentifier>
    </Filter>
    <Filter Include="Problems\0002-Print all  prime numbers 1 to n">
      <UniqueIdentifier>{b4c9e9f4-98da-4c00-b03c-3d959faae7ad}</UniqueIdentifier>
    </Filter>
    <Filter Include="Problems\0003-Perfect Number">
      <UniqueIdentifier>{bba26753-6713-4160-a026-583aad376acb}</UniqueIdentifier>
    </Filter>
    <Filter Include="Problems\0004-Print perfect numbers from 1 to n">
      <UniqueIdentifier>{c813e75d-da66-44bb-a5da-ad8c5c01ae51}</UniqueIdentifier>
    </Filter>
    <Filter Include="Problems\0005-Reversed order">
      <UniqueIdentifier>{a42a7cf2-4b80-4bae-b2a8-7fa8ee86af9d}</UniqueIdentifier>
    </Filter>
    <Filter Include="Problems\0006-Sum of digits">
      <UniqueIdentifier>{fad23b90-5ca0-4ee5-bc7f-2c06bedf79f6}</UniqueIdentifier>
    </Filter>
    <Filter Include="Problems\0007-Reverse number">
      <UniqueIdentifier>{e28325bb-752e-47ce-b82e-99bf2e940e26}</UniqueIdentifier>
    </Filter>
    <Filter Include="Problems\0008-Count digit frequency">
      <UniqueIdentifier>{a3917405-a71b-48ea-8921-17d2042fdf4f}</UniqueIdentifier>
    </Filter>
    <Filter Include="Problems\0009-Digit frequency">
      <UniqueIdentifier>{84696934-4cf3-4dc9-8f3a-e66ecd3c5c97}</UniqueIdentifier>
    </Filter>
  </ItemGroup>
  <ItemGroup>
    <ClCompile Include="Problems.CPP.cpp">
      <Filter>Source Files</Filter>
    </ClCompile>
    <ClCompile Include="Problem_1.cpp">
      <Filter>Problems\0001-Multiplication-table 1 to 10</Filter>
    </ClCompile>
    <ClCompile Include="Problem_2.cpp">
      <Filter>Problems\0002-Print all  prime numbers 1 to n</Filter>
    </ClCompile>
    <ClCompile Include="Problem_3.cpp">
      <Filter>Problems\0003-Perfect Number</Filter>
    </ClCompile>
    <ClCompile Include="Problem_4.cpp">
      <Filter>Problems\0004-Print perfect numbers from 1 to n</Filter>
    </ClCompile>
    <ClCompile Include="Problem_5.cpp">
      <Filter>Problems\0005-Reversed order</Filter>
    </ClCompile>
    <ClCompile Include="Problem_6.cpp">
      <Filter>Problems\0006-Sum of digits</Filter>
    </ClCompile>
    <ClCompile Include="Problem_7.cpp">
      <Filter>Problems\0007-Reverse number</Filter>
    </ClCompile>
    <ClCompile Include="Problem_8.cpp">
      <Filter>Problems\0008-Count digit frequency</Filter>
    </ClCompile>
    <ClCompile Include="Problem_9.cpp">
      <Filter>Problems\0009-Digit frequency</Filter>
    </ClCompile>
  </ItemGroup>
</Project>